PODS:
  - ReSwift (5.0.0)
  - ReSwiftThunk (1.2.0):
    - ReSwift (~> 5.0)
    - ReSwiftThunk/Core (= 1.2.0)
  - ReSwiftThunk/Core (1.2.0):
    - ReSwift (~> 5.0)
  - SDWebImage (5.3.2):
    - SDWebImage/Core (= 5.3.2)
  - SDWebImage/Core (5.3.2)

DEPENDENCIES:
  - ReSwift
  - ReSwiftThunk
  - SDWebImage

SPEC REPOS:
  https://github.com/CocoaPods/Specs.git:
    - ReSwift
  trunk:
    - ReSwiftThunk
    - SDWebImage

SPEC CHECKSUMS:
  ReSwift: 628f1a9b3ee52e3b3ca2a644435472fd77afafe1
  ReSwiftThunk: 23c8ea9092d9dc94b72005f19352dbd37fa42533
  SDWebImage: 6ac2eb96571bff96ecde31a987172c5934a0eb7d

PODFILE CHECKSUM: ad7fec6859bfd6930c1e66010aedf515fcebd964

COCOAPODS: 1.8.4
