// !$*UTF8*$!
{
	archiveVersion = 1;
	classes = {
	};
	objectVersion = 51;
	objects = {

/* Begin PBXBuildFile section */
		43489727C39E9110FA2FD1FD /* Pods_ReduxSeriesTests.framework in Frameworks */ = {isa = PBXBuildFile; fileRef = DB407F726012858A85917FB0 /* Pods_ReduxSeriesTests.framework */; };
		4529B5982391740C008CA421 /* AppReducer.swift in Sources */ = {isa = PBXBuildFile; fileRef = 4529B5972391740C008CA421 /* AppReducer.swift */; };
		4529B59A2391742D008CA421 /* AppState.swift in Sources */ = {isa = PBXBuildFile; fileRef = 4529B5992391742D008CA421 /* AppState.swift */; };
		4529B59C239174D1008CA421 /* Redux.swift in Sources */ = {isa = PBXBuildFile; fileRef = 4529B59B239174D1008CA421 /* Redux.swift */; };
		4529B5A223918C0D008CA421 /* SerieTableViewCell.swift in Sources */ = {isa = PBXBuildFile; fileRef = 4529B5A123918C0D008CA421 /* SerieTableViewCell.swift */; };
		4567E970239024FE00EC160C /* AppDelegate.swift in Sources */ = {isa = PBXBuildFile; fileRef = 4567E96F239024FE00EC160C /* AppDelegate.swift */; };
		4567E972239024FE00EC160C /* SceneDelegate.swift in Sources */ = {isa = PBXBuildFile; fileRef = 4567E971239024FE00EC160C /* SceneDelegate.swift */; };
		4567E974239024FE00EC160C /* SeriesViewController.swift in Sources */ = {isa = PBXBuildFile; fileRef = 4567E973239024FE00EC160C /* SeriesViewController.swift */; };
		4567E976239024FE00EC160C /* FavoritesViewController.swift in Sources */ = {isa = PBXBuildFile; fileRef = 4567E975239024FE00EC160C /* FavoritesViewController.swift */; };
		4567E979239024FE00EC160C /* Main.storyboard in Resources */ = {isa = PBXBuildFile; fileRef = 4567E977239024FE00EC160C /* Main.storyboard */; };
		4567E97B239024FF00EC160C /* Assets.xcassets in Resources */ = {isa = PBXBuildFile; fileRef = 4567E97A239024FF00EC160C /* Assets.xcassets */; };
		4567E97E239024FF00EC160C /* LaunchScreen.storyboard in Resources */ = {isa = PBXBuildFile; fileRef = 4567E97C239024FF00EC160C /* LaunchScreen.storyboard */; };
		4567E989239024FF00EC160C /* ReduxSeriesTests.swift in Sources */ = {isa = PBXBuildFile; fileRef = 4567E988239024FF00EC160C /* ReduxSeriesTests.swift */; };
		4567E994239024FF00EC160C /* ReduxSeriesUITests.swift in Sources */ = {isa = PBXBuildFile; fileRef = 4567E993239024FF00EC160C /* ReduxSeriesUITests.swift */; };
		4567E9C62390299600EC160C /* Serie.swift in Sources */ = {isa = PBXBuildFile; fileRef = 4567E9C52390299600EC160C /* Serie.swift */; };
		4567E9C8239029ED00EC160C /* Favorite.swift in Sources */ = {isa = PBXBuildFile; fileRef = 4567E9C7239029ED00EC160C /* Favorite.swift */; };
		4567E9CA23902C3C00EC160C /* SerieReducer.swift in Sources */ = {isa = PBXBuildFile; fileRef = 4567E9C923902C3C00EC160C /* SerieReducer.swift */; };
		4567E9CC23902C4B00EC160C /* FavoriteReducer.swift in Sources */ = {isa = PBXBuildFile; fileRef = 4567E9CB23902C4B00EC160C /* FavoriteReducer.swift */; };
		4567E9CE23902C6700EC160C /* SerieState.swift in Sources */ = {isa = PBXBuildFile; fileRef = 4567E9CD23902C6700EC160C /* SerieState.swift */; };
		4567E9D023902C7400EC160C /* FavoriteState.swift in Sources */ = {isa = PBXBuildFile; fileRef = 4567E9CF23902C7400EC160C /* FavoriteState.swift */; };
		4567E9D223902C9500EC160C /* SerieAction.swift in Sources */ = {isa = PBXBuildFile; fileRef = 4567E9D123902C9500EC160C /* SerieAction.swift */; };
		4567E9D423902CA200EC160C /* FavoriteAction.swift in Sources */ = {isa = PBXBuildFile; fileRef = 4567E9D323902CA200EC160C /* FavoriteAction.swift */; };
		6A9ECC9A9EC6BE2564C755EC /* Pods_ReduxSeriesUITests.framework in Frameworks */ = {isa = PBXBuildFile; fileRef = BF19C6CC62651795AC3F2C34 /* Pods_ReduxSeriesUITests.framework */; };
		85DAF4F526F468170E9A35DD /* Pods_ReduxSeries.framework in Frameworks */ = {isa = PBXBuildFile; fileRef = 68A5558AF4A614AF115FE009 /* Pods_ReduxSeries.framework */; };
		9C4134122392A03A001B45CF /* SerieDetailViewController.swift in Sources */ = {isa = PBXBuildFile; fileRef = 9C4134112392A03A001B45CF /* SerieDetailViewController.swift */; };
		9C4134152393D74D001B45CF /* APIService.swift in Sources */ = {isa = PBXBuildFile; fileRef = 9C4134142393D74D001B45CF /* APIService.swift */; };
		9CC9306523944E7800B184BB /* Thunk.swift in Sources */ = {isa = PBXBuildFile; fileRef = 9CC9306423944E7800B184BB /* Thunk.swift */; };
/* End PBXBuildFile section */

/* Begin PBXContainerItemProxy section */
		4567E985239024FF00EC160C /* PBXContainerItemProxy */ = {
			isa = PBXContainerItemProxy;
			containerPortal = 4567E964239024FE00EC160C /* Project object */;
			proxyType = 1;
			remoteGlobalIDString = 4567E96B239024FE00EC160C;
			remoteInfo = ReduxSeries;
		};
		4567E990239024FF00EC160C /* PBXContainerItemProxy */ = {
			isa = PBXContainerItemProxy;
			containerPortal = 4567E964239024FE00EC160C /* Project object */;
			proxyType = 1;
			remoteGlobalIDString = 4567E96B239024FE00EC160C;
			remoteInfo = ReduxSeries;
		};
/* End PBXContainerItemProxy section */

/* Begin PBXFileReference section */
		12DAFA406AF0B634295D273B /* Pods-ReduxSeries.release.xcconfig */ = {isa = PBXFileReference; includeInIndex = 1; lastKnownFileType = text.xcconfig; name = "Pods-ReduxSeries.release.xcconfig"; path = "Target Support Files/Pods-ReduxSeries/Pods-ReduxSeries.release.xcconfig"; sourceTree = "<group>"; };
		1CC8C01D877D92D48CD98B5B /* Pods-ReduxSeries.debug.xcconfig */ = {isa = PBXFileReference; includeInIndex = 1; lastKnownFileType = text.xcconfig; name = "Pods-ReduxSeries.debug.xcconfig"; path = "Target Support Files/Pods-ReduxSeries/Pods-ReduxSeries.debug.xcconfig"; sourceTree = "<group>"; };
		4529B5972391740C008CA421 /* AppReducer.swift */ = {isa = PBXFileReference; lastKnownFileType = sourcecode.swift; path = AppReducer.swift; sourceTree = "<group>"; };
		4529B5992391742D008CA421 /* AppState.swift */ = {isa = PBXFileReference; lastKnownFileType = sourcecode.swift; path = AppState.swift; sourceTree = "<group>"; };
		4529B59B239174D1008CA421 /* Redux.swift */ = {isa = PBXFileReference; lastKnownFileType = sourcecode.swift; path = Redux.swift; sourceTree = "<group>"; };
		4529B5A123918C0D008CA421 /* SerieTableViewCell.swift */ = {isa = PBXFileReference; lastKnownFileType = sourcecode.swift; path = SerieTableViewCell.swift; sourceTree = "<group>"; };
		4567E96C239024FE00EC160C /* ReduxSeries.app */ = {isa = PBXFileReference; explicitFileType = wrapper.application; includeInIndex = 0; path = ReduxSeries.app; sourceTree = BUILT_PRODUCTS_DIR; };
		4567E96F239024FE00EC160C /* AppDelegate.swift */ = {isa = PBXFileReference; lastKnownFileType = sourcecode.swift; path = AppDelegate.swift; sourceTree = "<group>"; };
		4567E971239024FE00EC160C /* SceneDelegate.swift */ = {isa = PBXFileReference; lastKnownFileType = sourcecode.swift; path = SceneDelegate.swift; sourceTree = "<group>"; };
		4567E973239024FE00EC160C /* SeriesViewController.swift */ = {isa = PBXFileReference; lastKnownFileType = sourcecode.swift; path = SeriesViewController.swift; sourceTree = "<group>"; };
		4567E975239024FE00EC160C /* FavoritesViewController.swift */ = {isa = PBXFileReference; lastKnownFileType = sourcecode.swift; path = FavoritesViewController.swift; sourceTree = "<group>"; };
		4567E978239024FE00EC160C /* Base */ = {isa = PBXFileReference; lastKnownFileType = file.storyboard; name = Base; path = Base.lproj/Main.storyboard; sourceTree = "<group>"; };
		4567E97A239024FF00EC160C /* Assets.xcassets */ = {isa = PBXFileReference; lastKnownFileType = folder.assetcatalog; path = Assets.xcassets; sourceTree = "<group>"; };
		4567E97D239024FF00EC160C /* Base */ = {isa = PBXFileReference; lastKnownFileType = file.storyboard; name = Base; path = Base.lproj/LaunchScreen.storyboard; sourceTree = "<group>"; };
		4567E97F239024FF00EC160C /* Info.plist */ = {isa = PBXFileReference; lastKnownFileType = text.plist.xml; path = Info.plist; sourceTree = "<group>"; };
		4567E984239024FF00EC160C /* ReduxSeriesTests.xctest */ = {isa = PBXFileReference; explicitFileType = wrapper.cfbundle; includeInIndex = 0; path = ReduxSeriesTests.xctest; sourceTree = BUILT_PRODUCTS_DIR; };
		4567E988239024FF00EC160C /* ReduxSeriesTests.swift */ = {isa = PBXFileReference; lastKnownFileType = sourcecode.swift; path = ReduxSeriesTests.swift; sourceTree = "<group>"; };
		4567E98A239024FF00EC160C /* Info.plist */ = {isa = PBXFileReference; lastKnownFileType = text.plist.xml; path = Info.plist; sourceTree = "<group>"; };
		4567E98F239024FF00EC160C /* ReduxSeriesUITests.xctest */ = {isa = PBXFileReference; explicitFileType = wrapper.cfbundle; includeInIndex = 0; path = ReduxSeriesUITests.xctest; sourceTree = BUILT_PRODUCTS_DIR; };
		4567E993239024FF00EC160C /* ReduxSeriesUITests.swift */ = {isa = PBXFileReference; lastKnownFileType = sourcecode.swift; path = ReduxSeriesUITests.swift; sourceTree = "<group>"; };
		4567E995239024FF00EC160C /* Info.plist */ = {isa = PBXFileReference; lastKnownFileType = text.plist.xml; path = Info.plist; sourceTree = "<group>"; };
		4567E9C52390299600EC160C /* Serie.swift */ = {isa = PBXFileReference; lastKnownFileType = sourcecode.swift; path = Serie.swift; sourceTree = "<group>"; };
		4567E9C7239029ED00EC160C /* Favorite.swift */ = {isa = PBXFileReference; lastKnownFileType = sourcecode.swift; path = Favorite.swift; sourceTree = "<group>"; };
		4567E9C923902C3C00EC160C /* SerieReducer.swift */ = {isa = PBXFileReference; lastKnownFileType = sourcecode.swift; path = SerieReducer.swift; sourceTree = "<group>"; };
		4567E9CB23902C4B00EC160C /* FavoriteReducer.swift */ = {isa = PBXFileReference; lastKnownFileType = sourcecode.swift; path = FavoriteReducer.swift; sourceTree = "<group>"; };
		4567E9CD23902C6700EC160C /* SerieState.swift */ = {isa = PBXFileReference; lastKnownFileType = sourcecode.swift; path = SerieState.swift; sourceTree = "<group>"; };
		4567E9CF23902C7400EC160C /* FavoriteState.swift */ = {isa = PBXFileReference; lastKnownFileType = sourcecode.swift; path = FavoriteState.swift; sourceTree = "<group>"; };
		4567E9D123902C9500EC160C /* SerieAction.swift */ = {isa = PBXFileReference; lastKnownFileType = sourcecode.swift; path = SerieAction.swift; sourceTree = "<group>"; };
		4567E9D323902CA200EC160C /* FavoriteAction.swift */ = {isa = PBXFileReference; lastKnownFileType = sourcecode.swift; path = FavoriteAction.swift; sourceTree = "<group>"; };
		68A5558AF4A614AF115FE009 /* Pods_ReduxSeries.framework */ = {isa = PBXFileReference; explicitFileType = wrapper.framework; includeInIndex = 0; path = Pods_ReduxSeries.framework; sourceTree = BUILT_PRODUCTS_DIR; };
		69102A4EA26B1843A192C775 /* Pods-ReduxSeriesTests.release.xcconfig */ = {isa = PBXFileReference; includeInIndex = 1; lastKnownFileType = text.xcconfig; name = "Pods-ReduxSeriesTests.release.xcconfig"; path = "Target Support Files/Pods-ReduxSeriesTests/Pods-ReduxSeriesTests.release.xcconfig"; sourceTree = "<group>"; };
		73B5F30733B89015DE70BC28 /* Pods-ReduxSeriesUITests.release.xcconfig */ = {isa = PBXFileReference; includeInIndex = 1; lastKnownFileType = text.xcconfig; name = "Pods-ReduxSeriesUITests.release.xcconfig"; path = "Target Support Files/Pods-ReduxSeriesUITests/Pods-ReduxSeriesUITests.release.xcconfig"; sourceTree = "<group>"; };
		9C4134112392A03A001B45CF /* SerieDetailViewController.swift */ = {isa = PBXFileReference; lastKnownFileType = sourcecode.swift; name = SerieDetailViewController.swift; path = ReduxSeries/SerieDetailViewController.swift; sourceTree = SOURCE_ROOT; };
		9C4134142393D74D001B45CF /* APIService.swift */ = {isa = PBXFileReference; lastKnownFileType = sourcecode.swift; path = APIService.swift; sourceTree = "<group>"; };
		9CC9306423944E7800B184BB /* Thunk.swift */ = {isa = PBXFileReference; lastKnownFileType = sourcecode.swift; path = Thunk.swift; sourceTree = "<group>"; };
		9F0F59BE1FD5FAAFAB3CD154 /* Pods-ReduxSeriesUITests.debug.xcconfig */ = {isa = PBXFileReference; includeInIndex = 1; lastKnownFileType = text.xcconfig; name = "Pods-ReduxSeriesUITests.debug.xcconfig"; path = "Target Support Files/Pods-ReduxSeriesUITests/Pods-ReduxSeriesUITests.debug.xcconfig"; sourceTree = "<group>"; };
		BF19C6CC62651795AC3F2C34 /* Pods_ReduxSeriesUITests.framework */ = {isa = PBXFileReference; explicitFileType = wrapper.framework; includeInIndex = 0; path = Pods_ReduxSeriesUITests.framework; sourceTree = BUILT_PRODUCTS_DIR; };
		C0D3DB5383BE022E586897C0 /* Pods-ReduxSeriesTests.debug.xcconfig */ = {isa = PBXFileReference; includeInIndex = 1; lastKnownFileType = text.xcconfig; name = "Pods-ReduxSeriesTests.debug.xcconfig"; path = "Target Support Files/Pods-ReduxSeriesTests/Pods-ReduxSeriesTests.debug.xcconfig"; sourceTree = "<group>"; };
		DB407F726012858A85917FB0 /* Pods_ReduxSeriesTests.framework */ = {isa = PBXFileReference; explicitFileType = wrapper.framework; includeInIndex = 0; path = Pods_ReduxSeriesTests.framework; sourceTree = BUILT_PRODUCTS_DIR; };
/* End PBXFileReference section */

/* Begin PBXFrameworksBuildPhase section */
		4567E969239024FE00EC160C /* Frameworks */ = {
			isa = PBXFrameworksBuildPhase;
			buildActionMask = 2147483647;
			files = (
				85DAF4F526F468170E9A35DD /* Pods_ReduxSeries.framework in Frameworks */,
			);
			runOnlyForDeploymentPostprocessing = 0;
		};
		4567E981239024FF00EC160C /* Frameworks */ = {
			isa = PBXFrameworksBuildPhase;
			buildActionMask = 2147483647;
			files = (
				43489727C39E9110FA2FD1FD /* Pods_ReduxSeriesTests.framework in Frameworks */,
			);
			runOnlyForDeploymentPostprocessing = 0;
		};
		4567E98C239024FF00EC160C /* Frameworks */ = {
			isa = PBXFrameworksBuildPhase;
			buildActionMask = 2147483647;
			files = (
				6A9ECC9A9EC6BE2564C755EC /* Pods_ReduxSeriesUITests.framework in Frameworks */,
			);
			runOnlyForDeploymentPostprocessing = 0;
		};
/* End PBXFrameworksBuildPhase section */

/* Begin PBXGroup section */
		4529B59E23918BC1008CA421 /* UI */ = {
			isa = PBXGroup;
			children = (
				4529B5A123918C0D008CA421 /* SerieTableViewCell.swift */,
			);
			path = UI;
			sourceTree = "<group>";
		};
		4567E963239024FE00EC160C = {
			isa = PBXGroup;
			children = (
				4567E96E239024FE00EC160C /* ReduxSeries */,
				4567E987239024FF00EC160C /* ReduxSeriesTests */,
				4567E992239024FF00EC160C /* ReduxSeriesUITests */,
				4567E96D239024FE00EC160C /* Products */,
				650A6C69AC2140B270E78561 /* Pods */,
				C48ECFDC511AEDD9EC0415D6 /* Frameworks */,
			);
			sourceTree = "<group>";
		};
		4567E96D239024FE00EC160C /* Products */ = {
			isa = PBXGroup;
			children = (
				4567E96C239024FE00EC160C /* ReduxSeries.app */,
				4567E984239024FF00EC160C /* ReduxSeriesTests.xctest */,
				4567E98F239024FF00EC160C /* ReduxSeriesUITests.xctest */,
			);
			name = Products;
			sourceTree = "<group>";
		};
		4567E96E239024FE00EC160C /* ReduxSeries */ = {
			isa = PBXGroup;
			children = (
				9C4134132393D737001B45CF /* Services */,
				4529B59E23918BC1008CA421 /* UI */,
				4567E9C42390298300EC160C /* Models */,
				4567E9C02390287700EC160C /* Redux */,
				4567E96F239024FE00EC160C /* AppDelegate.swift */,
				4567E971239024FE00EC160C /* SceneDelegate.swift */,
				4567E973239024FE00EC160C /* SeriesViewController.swift */,
				9C4134112392A03A001B45CF /* SerieDetailViewController.swift */,
				4567E975239024FE00EC160C /* FavoritesViewController.swift */,
				4567E977239024FE00EC160C /* Main.storyboard */,
				4567E97A239024FF00EC160C /* Assets.xcassets */,
				4567E97C239024FF00EC160C /* LaunchScreen.storyboard */,
				4567E97F239024FF00EC160C /* Info.plist */,
			);
			path = ReduxSeries;
			sourceTree = "<group>";
		};
		4567E987239024FF00EC160C /* ReduxSeriesTests */ = {
			isa = PBXGroup;
			children = (
				4567E988239024FF00EC160C /* ReduxSeriesTests.swift */,
				4567E98A239024FF00EC160C /* Info.plist */,
			);
			path = ReduxSeriesTests;
			sourceTree = "<group>";
		};
		4567E992239024FF00EC160C /* ReduxSeriesUITests */ = {
			isa = PBXGroup;
			children = (
				4567E993239024FF00EC160C /* ReduxSeriesUITests.swift */,
				4567E995239024FF00EC160C /* Info.plist */,
			);
			path = ReduxSeriesUITests;
			sourceTree = "<group>";
		};
		4567E9C02390287700EC160C /* Redux */ = {
			isa = PBXGroup;
			children = (
				4567E9C32390289C00EC160C /* Reducers */,
				4567E9C22390288D00EC160C /* States */,
				4567E9C12390287F00EC160C /* Actions */,
				4529B59B239174D1008CA421 /* Redux.swift */,
				9CC9306423944E7800B184BB /* Thunk.swift */,
			);
			path = Redux;
			sourceTree = "<group>";
		};
		4567E9C12390287F00EC160C /* Actions */ = {
			isa = PBXGroup;
			children = (
				4567E9D123902C9500EC160C /* SerieAction.swift */,
				4567E9D323902CA200EC160C /* FavoriteAction.swift */,
			);
			path = Actions;
			sourceTree = "<group>";
		};
		4567E9C22390288D00EC160C /* States */ = {
			isa = PBXGroup;
			children = (
				4567E9CD23902C6700EC160C /* SerieState.swift */,
				4567E9CF23902C7400EC160C /* FavoriteState.swift */,
				4529B5992391742D008CA421 /* AppState.swift */,
			);
			path = States;
			sourceTree = "<group>";
		};
		4567E9C32390289C00EC160C /* Reducers */ = {
			isa = PBXGroup;
			children = (
				4567E9C923902C3C00EC160C /* SerieReducer.swift */,
				4567E9CB23902C4B00EC160C /* FavoriteReducer.swift */,
				4529B5972391740C008CA421 /* AppReducer.swift */,
			);
			path = Reducers;
			sourceTree = "<group>";
		};
		4567E9C42390298300EC160C /* Models */ = {
			isa = PBXGroup;
			children = (
				4567E9C52390299600EC160C /* Serie.swift */,
				4567E9C7239029ED00EC160C /* Favorite.swift */,
			);
			path = Models;
			sourceTree = "<group>";
		};
		650A6C69AC2140B270E78561 /* Pods */ = {
			isa = PBXGroup;
			children = (
				1CC8C01D877D92D48CD98B5B /* Pods-ReduxSeries.debug.xcconfig */,
				12DAFA406AF0B634295D273B /* Pods-ReduxSeries.release.xcconfig */,
				C0D3DB5383BE022E586897C0 /* Pods-ReduxSeriesTests.debug.xcconfig */,
				69102A4EA26B1843A192C775 /* Pods-ReduxSeriesTests.release.xcconfig */,
				9F0F59BE1FD5FAAFAB3CD154 /* Pods-ReduxSeriesUITests.debug.xcconfig */,
				73B5F30733B89015DE70BC28 /* Pods-ReduxSeriesUITests.release.xcconfig */,
			);
			path = Pods;
			sourceTree = "<group>";
		};
		9C4134132393D737001B45CF /* Services */ = {
			isa = PBXGroup;
			children = (
				9C4134142393D74D001B45CF /* APIService.swift */,
			);
			path = Services;
			sourceTree = "<group>";
		};
		C48ECFDC511AEDD9EC0415D6 /* Frameworks */ = {
			isa = PBXGroup;
			children = (
				68A5558AF4A614AF115FE009 /* Pods_ReduxSeries.framework */,
				DB407F726012858A85917FB0 /* Pods_ReduxSeriesTests.framework */,
				BF19C6CC62651795AC3F2C34 /* Pods_ReduxSeriesUITests.framework */,
			);
			name = Frameworks;
			sourceTree = "<group>";
		};
/* End PBXGroup section */

/* Begin PBXNativeTarget section */
		4567E96B239024FE00EC160C /* ReduxSeries */ = {
			isa = PBXNativeTarget;
			buildConfigurationList = 4567E998239024FF00EC160C /* Build configuration list for PBXNativeTarget "ReduxSeries" */;
			buildPhases = (
				8B7252F2A83AE3FCCAE3A351 /* [CP] Check Pods Manifest.lock */,
				4567E968239024FE00EC160C /* Sources */,
				4567E969239024FE00EC160C /* Frameworks */,
				4567E96A239024FE00EC160C /* Resources */,
				B64BC91534680A19266055D1 /* [CP] Embed Pods Frameworks */,
			);
			buildRules = (
			);
			dependencies = (
			);
			name = ReduxSeries;
			productName = ReduxSeries;
			productReference = 4567E96C239024FE00EC160C /* ReduxSeries.app */;
			productType = "com.apple.product-type.application";
		};
		4567E983239024FF00EC160C /* ReduxSeriesTests */ = {
			isa = PBXNativeTarget;
			buildConfigurationList = 4567E99B239024FF00EC160C /* Build configuration list for PBXNativeTarget "ReduxSeriesTests" */;
			buildPhases = (
				C81EB738EC0083E4F1E6F9CD /* [CP] Check Pods Manifest.lock */,
				4567E980239024FF00EC160C /* Sources */,
				4567E981239024FF00EC160C /* Frameworks */,
				4567E982239024FF00EC160C /* Resources */,
			);
			buildRules = (
			);
			dependencies = (
				4567E986239024FF00EC160C /* PBXTargetDependency */,
			);
			name = ReduxSeriesTests;
			productName = ReduxSeriesTests;
			productReference = 4567E984239024FF00EC160C /* ReduxSeriesTests.xctest */;
			productType = "com.apple.product-type.bundle.unit-test";
		};
		4567E98E239024FF00EC160C /* ReduxSeriesUITests */ = {
			isa = PBXNativeTarget;
			buildConfigurationList = 4567E99E239024FF00EC160C /* Build configuration list for PBXNativeTarget "ReduxSeriesUITests" */;
			buildPhases = (
				4F1544A62A72D3F6FA96BFC2 /* [CP] Check Pods Manifest.lock */,
				4567E98B239024FF00EC160C /* Sources */,
				4567E98C239024FF00EC160C /* Frameworks */,
				4567E98D239024FF00EC160C /* Resources */,
			);
			buildRules = (
			);
			dependencies = (
				4567E991239024FF00EC160C /* PBXTargetDependency */,
			);
			name = ReduxSeriesUITests;
			productName = ReduxSeriesUITests;
			productReference = 4567E98F239024FF00EC160C /* ReduxSeriesUITests.xctest */;
			productType = "com.apple.product-type.bundle.ui-testing";
		};
/* End PBXNativeTarget section */

/* Begin PBXProject section */
		4567E964239024FE00EC160C /* Project object */ = {
			isa = PBXProject;
			attributes = {
				LastSwiftUpdateCheck = 1110;
				LastUpgradeCheck = 1110;
				ORGANIZATIONNAME = "CHARRUEL Maxime";
				TargetAttributes = {
					4567E96B239024FE00EC160C = {
						CreatedOnToolsVersion = 11.1;
					};
					4567E983239024FF00EC160C = {
						CreatedOnToolsVersion = 11.1;
						TestTargetID = 4567E96B239024FE00EC160C;
					};
					4567E98E239024FF00EC160C = {
						CreatedOnToolsVersion = 11.1;
						TestTargetID = 4567E96B239024FE00EC160C;
					};
				};
			};
			buildConfigurationList = 4567E967239024FE00EC160C /* Build configuration list for PBXProject "ReduxSeries" */;
			compatibilityVersion = "Xcode 9.3";
			developmentRegion = en;
			hasScannedForEncodings = 0;
			knownRegions = (
				en,
				Base,
			);
			mainGroup = 4567E963239024FE00EC160C;
			productRefGroup = 4567E96D239024FE00EC160C /* Products */;
			projectDirPath = "";
			projectRoot = "";
			targets = (
				4567E96B239024FE00EC160C /* ReduxSeries */,
				4567E983239024FF00EC160C /* ReduxSeriesTests */,
				4567E98E239024FF00EC160C /* ReduxSeriesUITests */,
			);
		};
/* End PBXProject section */

/* Begin PBXResourcesBuildPhase section */
		4567E96A239024FE00EC160C /* Resources */ = {
			isa = PBXResourcesBuildPhase;
			buildActionMask = 2147483647;
			files = (
				4567E97E239024FF00EC160C /* LaunchScreen.storyboard in Resources */,
				4567E97B239024FF00EC160C /* Assets.xcassets in Resources */,
				4567E979239024FE00EC160C /* Main.storyboard in Resources */,
			);
			runOnlyForDeploymentPostprocessing = 0;
		};
		4567E982239024FF00EC160C /* Resources */ = {
			isa = PBXResourcesBuildPhase;
			buildActionMask = 2147483647;
			files = (
			);
			runOnlyForDeploymentPostprocessing = 0;
		};
		4567E98D239024FF00EC160C /* Resources */ = {
			isa = PBXResourcesBuildPhase;
			buildActionMask = 2147483647;
			files = (
			);
			runOnlyForDeploymentPostprocessing = 0;
		};
/* End PBXResourcesBuildPhase section */

/* Begin PBXShellScriptBuildPhase section */
		4F1544A62A72D3F6FA96BFC2 /* [CP] Check Pods Manifest.lock */ = {
			isa = PBXShellScriptBuildPhase;
			buildActionMask = 2147483647;
			files = (
			);
			inputFileListPaths = (
			);
			inputPaths = (
				"${PODS_PODFILE_DIR_PATH}/Podfile.lock",
				"${PODS_ROOT}/Manifest.lock",
			);
			name = "[CP] Check Pods Manifest.lock";
			outputFileListPaths = (
			);
			outputPaths = (
				"$(DERIVED_FILE_DIR)/Pods-ReduxSeriesUITests-checkManifestLockResult.txt",
			);
			runOnlyForDeploymentPostprocessing = 0;
			shellPath = /bin/sh;
			shellScript = "diff \"${PODS_PODFILE_DIR_PATH}/Podfile.lock\" \"${PODS_ROOT}/Manifest.lock\" > /dev/null\nif [ $? != 0 ] ; then\n    # print error to STDERR\n    echo \"error: The sandbox is not in sync with the Podfile.lock. Run 'pod install' or update your CocoaPods installation.\" >&2\n    exit 1\nfi\n# This output is used by Xcode 'outputs' to avoid re-running this script phase.\necho \"SUCCESS\" > \"${SCRIPT_OUTPUT_FILE_0}\"\n";
			showEnvVarsInLog = 0;
		};
		8B7252F2A83AE3FCCAE3A351 /* [CP] Check Pods Manifest.lock */ = {
			isa = PBXShellScriptBuildPhase;
			buildActionMask = 2147483647;
			files = (
			);
			inputFileListPaths = (
			);
			inputPaths = (
				"${PODS_PODFILE_DIR_PATH}/Podfile.lock",
				"${PODS_ROOT}/Manifest.lock",
			);
			name = "[CP] Check Pods Manifest.lock";
			outputFileListPaths = (
			);
			outputPaths = (
				"$(DERIVED_FILE_DIR)/Pods-ReduxSeries-checkManifestLockResult.txt",
			);
			runOnlyForDeploymentPostprocessing = 0;
			shellPath = /bin/sh;
			shellScript = "diff \"${PODS_PODFILE_DIR_PATH}/Podfile.lock\" \"${PODS_ROOT}/Manifest.lock\" > /dev/null\nif [ $? != 0 ] ; then\n    # print error to STDERR\n    echo \"error: The sandbox is not in sync with the Podfile.lock. Run 'pod install' or update your CocoaPods installation.\" >&2\n    exit 1\nfi\n# This output is used by Xcode 'outputs' to avoid re-running this script phase.\necho \"SUCCESS\" > \"${SCRIPT_OUTPUT_FILE_0}\"\n";
			showEnvVarsInLog = 0;
		};
		B64BC91534680A19266055D1 /* [CP] Embed Pods Frameworks */ = {
			isa = PBXShellScriptBuildPhase;
			buildActionMask = 2147483647;
			files = (
			);
			inputFileListPaths = (
				"${PODS_ROOT}/Target Support Files/Pods-ReduxSeries/Pods-ReduxSeries-frameworks-${CONFIGURATION}-input-files.xcfilelist",
			);
			name = "[CP] Embed Pods Frameworks";
			outputFileListPaths = (
				"${PODS_ROOT}/Target Support Files/Pods-ReduxSeries/Pods-ReduxSeries-frameworks-${CONFIGURATION}-output-files.xcfilelist",
			);
			runOnlyForDeploymentPostprocessing = 0;
			shellPath = /bin/sh;
			shellScript = "\"${PODS_ROOT}/Target Support Files/Pods-ReduxSeries/Pods-ReduxSeries-frameworks.sh\"\n";
			showEnvVarsInLog = 0;
		};
		C81EB738EC0083E4F1E6F9CD /* [CP] Check Pods Manifest.lock */ = {
			isa = PBXShellScriptBuildPhase;
			buildActionMask = 2147483647;
			files = (
			);
			inputFileListPaths = (
			);
			inputPaths = (
				"${PODS_PODFILE_DIR_PATH}/Podfile.lock",
				"${PODS_ROOT}/Manifest.lock",
			);
			name = "[CP] Check Pods Manifest.lock";
			outputFileListPaths = (
			);
			outputPaths = (
				"$(DERIVED_FILE_DIR)/Pods-ReduxSeriesTests-checkManifestLockResult.txt",
			);
			runOnlyForDeploymentPostprocessing = 0;
			shellPath = /bin/sh;
			shellScript = "diff \"${PODS_PODFILE_DIR_PATH}/Podfile.lock\" \"${PODS_ROOT}/Manifest.lock\" > /dev/null\nif [ $? != 0 ] ; then\n    # print error to STDERR\n    echo \"error: The sandbox is not in sync with the Podfile.lock. Run 'pod install' or update your CocoaPods installation.\" >&2\n    exit 1\nfi\n# This output is used by Xcode 'outputs' to avoid re-running this script phase.\necho \"SUCCESS\" > \"${SCRIPT_OUTPUT_FILE_0}\"\n";
			showEnvVarsInLog = 0;
		};
/* End PBXShellScriptBuildPhase section */

/* Begin PBXSourcesBuildPhase section */
		4567E968239024FE00EC160C /* Sources */ = {
			isa = PBXSourcesBuildPhase;
			buildActionMask = 2147483647;
			files = (
				4567E976239024FE00EC160C /* FavoritesViewController.swift in Sources */,
				4567E9CE23902C6700EC160C /* SerieState.swift in Sources */,
				4529B59C239174D1008CA421 /* Redux.swift in Sources */,
				4567E9CA23902C3C00EC160C /* SerieReducer.swift in Sources */,
				4567E9CC23902C4B00EC160C /* FavoriteReducer.swift in Sources */,
				4567E9D223902C9500EC160C /* SerieAction.swift in Sources */,
				9CC9306523944E7800B184BB /* Thunk.swift in Sources */,
				4529B5982391740C008CA421 /* AppReducer.swift in Sources */,
				4567E9D423902CA200EC160C /* FavoriteAction.swift in Sources */,
				4567E974239024FE00EC160C /* SeriesViewController.swift in Sources */,
				4567E970239024FE00EC160C /* AppDelegate.swift in Sources */,
				4529B59A2391742D008CA421 /* AppState.swift in Sources */,
				9C4134122392A03A001B45CF /* SerieDetailViewController.swift in Sources */,
				4567E9C8239029ED00EC160C /* Favorite.swift in Sources */,
				4567E9D023902C7400EC160C /* FavoriteState.swift in Sources */,
				4567E972239024FE00EC160C /* SceneDelegate.swift in Sources */,
				4529B5A223918C0D008CA421 /* SerieTableViewCell.swift in Sources */,
				9C4134152393D74D001B45CF /* APIService.swift in Sources */,
				4567E9C62390299600EC160C /* Serie.swift in Sources */,
			);
			runOnlyForDeploymentPostprocessing = 0;
		};
		4567E980239024FF00EC160C /* Sources */ = {
			isa = PBXSourcesBuildPhase;
			buildActionMask = 2147483647;
			files = (
				4567E989239024FF00EC160C /* ReduxSeriesTests.swift in Sources */,
			);
			runOnlyForDeploymentPostprocessing = 0;
		};
		4567E98B239024FF00EC160C /* Sources */ = {
			isa = PBXSourcesBuildPhase;
			buildActionMask = 2147483647;
			files = (
				4567E994239024FF00EC160C /* ReduxSeriesUITests.swift in Sources */,
			);
			runOnlyForDeploymentPostprocessing = 0;
		};
/* End PBXSourcesBuildPhase section */

/* Begin PBXTargetDependency section */
		4567E986239024FF00EC160C /* PBXTargetDependency */ = {
			isa = PBXTargetDependency;
			target = 4567E96B239024FE00EC160C /* ReduxSeries */;
			targetProxy = 4567E985239024FF00EC160C /* PBXContainerItemProxy */;
		};
		4567E991239024FF00EC160C /* PBXTargetDependency */ = {
			isa = PBXTargetDependency;
			target = 4567E96B239024FE00EC160C /* ReduxSeries */;
			targetProxy = 4567E990239024FF00EC160C /* PBXContainerItemProxy */;
		};
/* End PBXTargetDependency section */

/* Begin PBXVariantGroup section */
		4567E977239024FE00EC160C /* Main.storyboard */ = {
			isa = PBXVariantGroup;
			children = (
				4567E978239024FE00EC160C /* Base */,
			);
			name = Main.storyboard;
			sourceTree = "<group>";
		};
		4567E97C239024FF00EC160C /* LaunchScreen.storyboard */ = {
			isa = PBXVariantGroup;
			children = (
				4567E97D239024FF00EC160C /* Base */,
			);
			name = LaunchScreen.storyboard;
			sourceTree = "<group>";
		};
/* End PBXVariantGroup section */

/* Begin XCBuildConfiguration section */
		4567E996239024FF00EC160C /* Debug */ = {
			isa = XCBuildConfiguration;
			buildSettings = {
				ALWAYS_SEARCH_USER_PATHS = NO;
				CLANG_ANALYZER_NONNULL = YES;
				CLANG_ANALYZER_NUMBER_OBJECT_CONVERSION = YES_AGGRESSIVE;
				CLANG_CXX_LANGUAGE_STANDARD = "gnu++14";
				CLANG_CXX_LIBRARY = "libc++";
				CLANG_ENABLE_MODULES = YES;
				CLANG_ENABLE_OBJC_ARC = YES;
				CLANG_ENABLE_OBJC_WEAK = YES;
				CLANG_WARN_BLOCK_CAPTURE_AUTORELEASING = YES;
				CLANG_WARN_BOOL_CONVERSION = YES;
				CLANG_WARN_COMMA = YES;
				CLANG_WARN_CONSTANT_CONVERSION = YES;
				CLANG_WARN_DEPRECATED_OBJC_IMPLEMENTATIONS = YES;
				CLANG_WARN_DIRECT_OBJC_ISA_USAGE = YES_ERROR;
				CLANG_WARN_DOCUMENTATION_COMMENTS = YES;
				CLANG_WARN_EMPTY_BODY = YES;
				CLANG_WARN_ENUM_CONVERSION = YES;
				CLANG_WARN_INFINITE_RECURSION = YES;
				CLANG_WARN_INT_CONVERSION = YES;
				CLANG_WARN_NON_LITERAL_NULL_CONVERSION = YES;
				CLANG_WARN_OBJC_IMPLICIT_RETAIN_SELF = YES;
				CLANG_WARN_OBJC_LITERAL_CONVERSION = YES;
				CLANG_WARN_OBJC_ROOT_CLASS = YES_ERROR;
				CLANG_WARN_RANGE_LOOP_ANALYSIS = YES;
				CLANG_WARN_STRICT_PROTOTYPES = YES;
				CLANG_WARN_SUSPICIOUS_MOVE = YES;
				CLANG_WARN_UNGUARDED_AVAILABILITY = YES_AGGRESSIVE;
				CLANG_WARN_UNREACHABLE_CODE = YES;
				CLANG_WARN__DUPLICATE_METHOD_MATCH = YES;
				COPY_PHASE_STRIP = NO;
				DEBUG_INFORMATION_FORMAT = dwarf;
				ENABLE_STRICT_OBJC_MSGSEND = YES;
				ENABLE_TESTABILITY = YES;
				GCC_C_LANGUAGE_STANDARD = gnu11;
				GCC_DYNAMIC_NO_PIC = NO;
				GCC_NO_COMMON_BLOCKS = YES;
				GCC_OPTIMIZATION_LEVEL = 0;
				GCC_PREPROCESSOR_DEFINITIONS = (
					"DEBUG=1",
					"$(inherited)",
				);
				GCC_WARN_64_TO_32_BIT_CONVERSION = YES;
				GCC_WARN_ABOUT_RETURN_TYPE = YES_ERROR;
				GCC_WARN_UNDECLARED_SELECTOR = YES;
				GCC_WARN_UNINITIALIZED_AUTOS = YES_AGGRESSIVE;
				GCC_WARN_UNUSED_FUNCTION = YES;
				GCC_WARN_UNUSED_VARIABLE = YES;
				IPHONEOS_DEPLOYMENT_TARGET = 13.1;
				MTL_ENABLE_DEBUG_INFO = INCLUDE_SOURCE;
				MTL_FAST_MATH = YES;
				ONLY_ACTIVE_ARCH = YES;
				SDKROOT = iphoneos;
				SWIFT_ACTIVE_COMPILATION_CONDITIONS = DEBUG;
				SWIFT_OPTIMIZATION_LEVEL = "-Onone";
			};
			name = Debug;
		};
		4567E997239024FF00EC160C /* Release */ = {
			isa = XCBuildConfiguration;
			buildSettings = {
				ALWAYS_SEARCH_USER_PATHS = NO;
				CLANG_ANALYZER_NONNULL = YES;
				CLANG_ANALYZER_NUMBER_OBJECT_CONVERSION = YES_AGGRESSIVE;
				CLANG_CXX_LANGUAGE_STANDARD = "gnu++14";
				CLANG_CXX_LIBRARY = "libc++";
				CLANG_ENABLE_MODULES = YES;
				CLANG_ENABLE_OBJC_ARC = YES;
				CLANG_ENABLE_OBJC_WEAK = YES;
				CLANG_WARN_BLOCK_CAPTURE_AUTORELEASING = YES;
				CLANG_WARN_BOOL_CONVERSION = YES;
				CLANG_WARN_COMMA = YES;
				CLANG_WARN_CONSTANT_CONVERSION = YES;
				CLANG_WARN_DEPRECATED_OBJC_IMPLEMENTATIONS = YES;
				CLANG_WARN_DIRECT_OBJC_ISA_USAGE = YES_ERROR;
				CLANG_WARN_DOCUMENTATION_COMMENTS = YES;
				CLANG_WARN_EMPTY_BODY = YES;
				CLANG_WARN_ENUM_CONVERSION = YES;
				CLANG_WARN_INFINITE_RECURSION = YES;
				CLANG_WARN_INT_CONVERSION = YES;
				CLANG_WARN_NON_LITERAL_NULL_CONVERSION = YES;
				CLANG_WARN_OBJC_IMPLICIT_RETAIN_SELF = YES;
				CLANG_WARN_OBJC_LITERAL_CONVERSION = YES;
				CLANG_WARN_OBJC_ROOT_CLASS = YES_ERROR;
				CLANG_WARN_RANGE_LOOP_ANALYSIS = YES;
				CLANG_WARN_STRICT_PROTOTYPES = YES;
				CLANG_WARN_SUSPICIOUS_MOVE = YES;
				CLANG_WARN_UNGUARDED_AVAILABILITY = YES_AGGRESSIVE;
				CLANG_WARN_UNREACHABLE_CODE = YES;
				CLANG_WARN__DUPLICATE_METHOD_MATCH = YES;
				COPY_PHASE_STRIP = NO;
				DEBUG_INFORMATION_FORMAT = "dwarf-with-dsym";
				ENABLE_NS_ASSERTIONS = NO;
				ENABLE_STRICT_OBJC_MSGSEND = YES;
				GCC_C_LANGUAGE_STANDARD = gnu11;
				GCC_NO_COMMON_BLOCKS = YES;
				GCC_WARN_64_TO_32_BIT_CONVERSION = YES;
				GCC_WARN_ABOUT_RETURN_TYPE = YES_ERROR;
				GCC_WARN_UNDECLARED_SELECTOR = YES;
				GCC_WARN_UNINITIALIZED_AUTOS = YES_AGGRESSIVE;
				GCC_WARN_UNUSED_FUNCTION = YES;
				GCC_WARN_UNUSED_VARIABLE = YES;
				IPHONEOS_DEPLOYMENT_TARGET = 13.1;
				MTL_ENABLE_DEBUG_INFO = NO;
				MTL_FAST_MATH = YES;
				SDKROOT = iphoneos;
				SWIFT_COMPILATION_MODE = wholemodule;
				SWIFT_OPTIMIZATION_LEVEL = "-O";
				VALIDATE_PRODUCT = YES;
			};
			name = Release;
		};
		4567E999239024FF00EC160C /* Debug */ = {
			isa = XCBuildConfiguration;
			baseConfigurationReference = 1CC8C01D877D92D48CD98B5B /* Pods-ReduxSeries.debug.xcconfig */;
			buildSettings = {
				ASSETCATALOG_COMPILER_APPICON_NAME = AppIcon;
				CODE_SIGN_STYLE = Automatic;
				DEVELOPMENT_TEAM = 6ZJW433U86;
				INFOPLIST_FILE = ReduxSeries/Info.plist;
				LD_RUNPATH_SEARCH_PATHS = (
					"$(inherited)",
					"@executable_path/Frameworks",
				);
				PRODUCT_BUNDLE_IDENTIFIER = com.maximecharruel.ReduxSeries;
				PRODUCT_NAME = "$(TARGET_NAME)";
				SWIFT_VERSION = 5.0;
				TARGETED_DEVICE_FAMILY = "1,2";
			};
			name = Debug;
		};
		4567E99A239024FF00EC160C /* Release */ = {
			isa = XCBuildConfiguration;
			baseConfigurationReference = 12DAFA406AF0B634295D273B /* Pods-ReduxSeries.release.xcconfig */;
			buildSettings = {
				ASSETCATALOG_COMPILER_APPICON_NAME = AppIcon;
				CODE_SIGN_STYLE = Automatic;
				DEVELOPMENT_TEAM = 6ZJW433U86;
				INFOPLIST_FILE = ReduxSeries/Info.plist;
				LD_RUNPATH_SEARCH_PATHS = (
					"$(inherited)",
					"@executable_path/Frameworks",
				);
				PRODUCT_BUNDLE_IDENTIFIER = com.maximecharruel.ReduxSeries;
				PRODUCT_NAME = "$(TARGET_NAME)";
				SWIFT_VERSION = 5.0;
				TARGETED_DEVICE_FAMILY = "1,2";
			};
			name = Release;
		};
		4567E99C239024FF00EC160C /* Debug */ = {
			isa = XCBuildConfiguration;
			baseConfigurationReference = C0D3DB5383BE022E586897C0 /* Pods-ReduxSeriesTests.debug.xcconfig */;
			buildSettings = {
				ALWAYS_EMBED_SWIFT_STANDARD_LIBRARIES = YES;
				BUNDLE_LOADER = "$(TEST_HOST)";
				CODE_SIGN_STYLE = Automatic;
				DEVELOPMENT_TEAM = 6ZJW433U86;
				INFOPLIST_FILE = ReduxSeriesTests/Info.plist;
				IPHONEOS_DEPLOYMENT_TARGET = 13.1;
				LD_RUNPATH_SEARCH_PATHS = (
					"$(inherited)",
					"@executable_path/Frameworks",
					"@loader_path/Frameworks",
				);
				PRODUCT_BUNDLE_IDENTIFIER = com.maximecharruel.ReduxSeriesTests;
				PRODUCT_NAME = "$(TARGET_NAME)";
				SWIFT_VERSION = 5.0;
				TARGETED_DEVICE_FAMILY = "1,2";
				TEST_HOST = "$(BUILT_PRODUCTS_DIR)/ReduxSeries.app/ReduxSeries";
			};
			name = Debug;
		};
		4567E99D239024FF00EC160C /* Release */ = {
			isa = XCBuildConfiguration;
			baseConfigurationReference = 69102A4EA26B1843A192C775 /* Pods-ReduxSeriesTests.release.xcconfig */;
			buildSettings = {
				ALWAYS_EMBED_SWIFT_STANDARD_LIBRARIES = YES;
				BUNDLE_LOADER = "$(TEST_HOST)";
				CODE_SIGN_STYLE = Automatic;
				DEVELOPMENT_TEAM = 6ZJW433U86;
				INFOPLIST_FILE = ReduxSeriesTests/Info.plist;
				IPHONEOS_DEPLOYMENT_TARGET = 13.1;
				LD_RUNPATH_SEARCH_PATHS = (
					"$(inherited)",
					"@executable_path/Frameworks",
					"@loader_path/Frameworks",
				);
				PRODUCT_BUNDLE_IDENTIFIER = com.maximecharruel.ReduxSeriesTests;
				PRODUCT_NAME = "$(TARGET_NAME)";
				SWIFT_VERSION = 5.0;
				TARGETED_DEVICE_FAMILY = "1,2";
				TEST_HOST = "$(BUILT_PRODUCTS_DIR)/ReduxSeries.app/ReduxSeries";
			};
			name = Release;
		};
		4567E99F239024FF00EC160C /* Debug */ = {
			isa = XCBuildConfiguration;
			baseConfigurationReference = 9F0F59BE1FD5FAAFAB3CD154 /* Pods-ReduxSeriesUITests.debug.xcconfig */;
			buildSettings = {
				ALWAYS_EMBED_SWIFT_STANDARD_LIBRARIES = YES;
				CODE_SIGN_STYLE = Automatic;
				DEVELOPMENT_TEAM = 6ZJW433U86;
				INFOPLIST_FILE = ReduxSeriesUITests/Info.plist;
				LD_RUNPATH_SEARCH_PATHS = (
					"$(inherited)",
					"@executable_path/Frameworks",
					"@loader_path/Frameworks",
				);
				PRODUCT_BUNDLE_IDENTIFIER = com.maximecharruel.ReduxSeriesUITests;
				PRODUCT_NAME = "$(TARGET_NAME)";
				SWIFT_VERSION = 5.0;
				TARGETED_DEVICE_FAMILY = "1,2";
				TEST_TARGET_NAME = ReduxSeries;
			};
			name = Debug;
		};
		4567E9A0239024FF00EC160C /* Release */ = {
			isa = XCBuildConfiguration;
			baseConfigurationReference = 73B5F30733B89015DE70BC28 /* Pods-ReduxSeriesUITests.release.xcconfig */;
			buildSettings = {
				ALWAYS_EMBED_SWIFT_STANDARD_LIBRARIES = YES;
				CODE_SIGN_STYLE = Automatic;
				DEVELOPMENT_TEAM = 6ZJW433U86;
				INFOPLIST_FILE = ReduxSeriesUITests/Info.plist;
				LD_RUNPATH_SEARCH_PATHS = (
					"$(inherited)",
					"@executable_path/Frameworks",
					"@loader_path/Frameworks",
				);
				PRODUCT_BUNDLE_IDENTIFIER = com.maximecharruel.ReduxSeriesUITests;
				PRODUCT_NAME = "$(TARGET_NAME)";
				SWIFT_VERSION = 5.0;
				TARGETED_DEVICE_FAMILY = "1,2";
				TEST_TARGET_NAME = ReduxSeries;
			};
			name = Release;
		};
/* End XCBuildConfiguration section */

/* Begin XCConfigurationList section */
		4567E967239024FE00EC160C /* Build configuration list for PBXProject "ReduxSeries" */ = {
			isa = XCConfigurationList;
			buildConfigurations = (
				4567E996239024FF00EC160C /* Debug */,
				4567E997239024FF00EC160C /* Release */,
			);
			defaultConfigurationIsVisible = 0;
			defaultConfigurationName = Release;
		};
		4567E998239024FF00EC160C /* Build configuration list for PBXNativeTarget "ReduxSeries" */ = {
			isa = XCConfigurationList;
			buildConfigurations = (
				4567E999239024FF00EC160C /* Debug */,
				4567E99A239024FF00EC160C /* Release */,
			);
			defaultConfigurationIsVisible = 0;
			defaultConfigurationName = Release;
		};
		4567E99B239024FF00EC160C /* Build configuration list for PBXNativeTarget "ReduxSeriesTests" */ = {
			isa = XCConfigurationList;
			buildConfigurations = (
				4567E99C239024FF00EC160C /* Debug */,
				4567E99D239024FF00EC160C /* Release */,
			);
			defaultConfigurationIsVisible = 0;
			defaultConfigurationName = Release;
		};
		4567E99E239024FF00EC160C /* Build configuration list for PBXNativeTarget "ReduxSeriesUITests" */ = {
			isa = XCConfigurationList;
			buildConfigurations = (
				4567E99F239024FF00EC160C /* Debug */,
				4567E9A0239024FF00EC160C /* Release */,
			);
			defaultConfigurationIsVisible = 0;
			defaultConfigurationName = Release;
		};
/* End XCConfigurationList section */
	};
	rootObject = 4567E964239024FE00EC160C /* Project object */;
}
